// !$*UTF8*$!
{
	archiveVersion = 1;
	classes = {
	};
	objectVersion = 51;
	objects = {

/* Begin PBXBuildFile section */
		26D079EDD05F88D4B4304055 /* Pods_thanger_thangerTests.framework in Frameworks */ = {isa = PBXBuildFile; fileRef = 52FC683CAAFA0FC47CE7E132 /* Pods_thanger_thangerTests.framework */; };
		5768066273C46977F5524F9B /* Pods_thanger.framework in Frameworks */ = {isa = PBXBuildFile; fileRef = 362BEDDB4E1C43285B33FBD2 /* Pods_thanger.framework */; };
		E6CDCEFCFF116C270A4DFBFA /* Pods_thanger.framework in Frameworks */ = {isa = PBXBuildFile; fileRef = F7671BB7236D567100C0470D /* Pods_thanger.framework */; };
		F7671B89236D0A2200C0470D /* PriceRequest.swift in Sources */ = {isa = PBXBuildFile; fileRef = F7671B88236D0A2200C0470D /* PriceRequest.swift */; };
		F7671B8B236D0A8A00C0470D /* RemoteRequest.swift in Sources */ = {isa = PBXBuildFile; fileRef = F7671B8A236D0A8A00C0470D /* RemoteRequest.swift */; };
		F7671B8C236D0A8A00C0470D /* RemoteRequest.swift in Sources */ = {isa = PBXBuildFile; fileRef = F7671B8A236D0A8A00C0470D /* RemoteRequest.swift */; };
		F7671B91236D408100C0470D /* RemoteClient.swift in Sources */ = {isa = PBXBuildFile; fileRef = F7671B8E236D408100C0470D /* RemoteClient.swift */; };
		F7671B92236D408100C0470D /* RemoteClient.swift in Sources */ = {isa = PBXBuildFile; fileRef = F7671B8E236D408100C0470D /* RemoteClient.swift */; };
		F7671B95236D408100C0470D /* WSClient.swift in Sources */ = {isa = PBXBuildFile; fileRef = F7671B90236D408100C0470D /* WSClient.swift */; };
		F7671B96236D408100C0470D /* WSClient.swift in Sources */ = {isa = PBXBuildFile; fileRef = F7671B90236D408100C0470D /* WSClient.swift */; };
		F7671B9D236D412C00C0470D /* RemoteTransport.swift in Sources */ = {isa = PBXBuildFile; fileRef = F7671B98236D412C00C0470D /* RemoteTransport.swift */; };
		F7671B9E236D412C00C0470D /* RemoteTransport.swift in Sources */ = {isa = PBXBuildFile; fileRef = F7671B98236D412C00C0470D /* RemoteTransport.swift */; };
		F7671B9F236D412C00C0470D /* WSStarscreamTransport.swift in Sources */ = {isa = PBXBuildFile; fileRef = F7671B99236D412C00C0470D /* WSStarscreamTransport.swift */; };
		F7671BA0236D412C00C0470D /* WSStarscreamTransport.swift in Sources */ = {isa = PBXBuildFile; fileRef = F7671B99236D412C00C0470D /* WSStarscreamTransport.swift */; };
		F7671BA1236D412C00C0470D /* JsonHttpTransport.swift in Sources */ = {isa = PBXBuildFile; fileRef = F7671B9A236D412C00C0470D /* JsonHttpTransport.swift */; };
		F7671BA2236D412C00C0470D /* JsonHttpTransport.swift in Sources */ = {isa = PBXBuildFile; fileRef = F7671B9A236D412C00C0470D /* JsonHttpTransport.swift */; };
		F7671BA3236D412C00C0470D /* WSMessage.swift in Sources */ = {isa = PBXBuildFile; fileRef = F7671B9B236D412C00C0470D /* WSMessage.swift */; };
		F7671BA4236D412C00C0470D /* WSMessage.swift in Sources */ = {isa = PBXBuildFile; fileRef = F7671B9B236D412C00C0470D /* WSMessage.swift */; };
		F7671BA5236D412C00C0470D /* WSNativeTransport.swift in Sources */ = {isa = PBXBuildFile; fileRef = F7671B9C236D412C00C0470D /* WSNativeTransport.swift */; };
		F7671BA6236D412C00C0470D /* WSNativeTransport.swift in Sources */ = {isa = PBXBuildFile; fileRef = F7671B9C236D412C00C0470D /* WSNativeTransport.swift */; };
		F7671BA8236D423600C0470D /* CoinbaseOauth2Client.swift in Sources */ = {isa = PBXBuildFile; fileRef = F7671BA7236D423600C0470D /* CoinbaseOauth2Client.swift */; };
		F7671BA9236D423600C0470D /* CoinbaseOauth2Client.swift in Sources */ = {isa = PBXBuildFile; fileRef = F7671BA7236D423600C0470D /* CoinbaseOauth2Client.swift */; };
		F7671BAD236D436700C0470D /* NetworkPlatform.swift in Sources */ = {isa = PBXBuildFile; fileRef = F7671BAB236D436700C0470D /* NetworkPlatform.swift */; };
		F7671BAE236D436700C0470D /* NetworkPlatform.swift in Sources */ = {isa = PBXBuildFile; fileRef = F7671BAB236D436700C0470D /* NetworkPlatform.swift */; };
		F7671BAF236D436700C0470D /* Network.plist in Resources */ = {isa = PBXBuildFile; fileRef = F7671BAC236D436700C0470D /* Network.plist */; };
		F7671BB0236D436700C0470D /* Network.plist in Resources */ = {isa = PBXBuildFile; fileRef = F7671BAC236D436700C0470D /* Network.plist */; };
		F7671BB2236D49A900C0470D /* PriceService.swift in Sources */ = {isa = PBXBuildFile; fileRef = F7671BB1236D49A900C0470D /* PriceService.swift */; };
		F7671BB3236D49A900C0470D /* PriceService.swift in Sources */ = {isa = PBXBuildFile; fileRef = F7671BB1236D49A900C0470D /* PriceService.swift */; };
		F7671BB5236D4B7500C0470D /* CoinbaseHttpClient.swift in Sources */ = {isa = PBXBuildFile; fileRef = F7671BB4236D4B7500C0470D /* CoinbaseHttpClient.swift */; };
		F7671BB6236D4B7500C0470D /* CoinbaseHttpClient.swift in Sources */ = {isa = PBXBuildFile; fileRef = F7671BB4236D4B7500C0470D /* CoinbaseHttpClient.swift */; };
		F7671BB9236D591E00C0470D /* PriceRequest.swift in Sources */ = {isa = PBXBuildFile; fileRef = F7671B88236D0A2200C0470D /* PriceRequest.swift */; };
		F7671BBB236D5E2E00C0470D /* CurrencyRequest.swift in Sources */ = {isa = PBXBuildFile; fileRef = F7671BBA236D5E2E00C0470D /* CurrencyRequest.swift */; };
		F7671BBD236D5FCB00C0470D /* CurrencyService.swift in Sources */ = {isa = PBXBuildFile; fileRef = F7671BBC236D5FCB00C0470D /* CurrencyService.swift */; };
		F7671BBE236D632700C0470D /* CurrencyService.swift in Sources */ = {isa = PBXBuildFile; fileRef = F7671BBC236D5FCB00C0470D /* CurrencyService.swift */; };
		F7671BBF236D63D600C0470D /* CurrencyRequest.swift in Sources */ = {isa = PBXBuildFile; fileRef = F7671BBA236D5E2E00C0470D /* CurrencyRequest.swift */; };
		F7671BC1236DF91400C0470D /* DigitalAsset.swift in Sources */ = {isa = PBXBuildFile; fileRef = F7671BC0236DF91400C0470D /* DigitalAsset.swift */; };
		F7671BC2236DF91500C0470D /* DigitalAsset.swift in Sources */ = {isa = PBXBuildFile; fileRef = F7671BC0236DF91400C0470D /* DigitalAsset.swift */; };
		F7671BC4236E800200C0470D /* UserAccountRequest.swift in Sources */ = {isa = PBXBuildFile; fileRef = F7671BC3236E800200C0470D /* UserAccountRequest.swift */; };
		F7671BC5236E800200C0470D /* UserAccountRequest.swift in Sources */ = {isa = PBXBuildFile; fileRef = F7671BC3236E800200C0470D /* UserAccountRequest.swift */; };
		F7671BD1236EAA9100C0470D /* UserAccountService.swift in Sources */ = {isa = PBXBuildFile; fileRef = F7671BD0236EAA9100C0470D /* UserAccountService.swift */; };
		F7671BD2236EAA9100C0470D /* UserAccountService.swift in Sources */ = {isa = PBXBuildFile; fileRef = F7671BD0236EAA9100C0470D /* UserAccountService.swift */; };
		F7671BD4236EADC100C0470D /* UserAuthRequest.swift in Sources */ = {isa = PBXBuildFile; fileRef = F7671BD3236EADC100C0470D /* UserAuthRequest.swift */; };
		F7671BD5236EADC100C0470D /* UserAuthRequest.swift in Sources */ = {isa = PBXBuildFile; fileRef = F7671BD3236EADC100C0470D /* UserAuthRequest.swift */; };
		F7671BD7236EAED100C0470D /* CoinbaseOauth2WebClient.swift in Sources */ = {isa = PBXBuildFile; fileRef = F7671BD6236EAED100C0470D /* CoinbaseOauth2WebClient.swift */; };
		F7671BD8236EAED100C0470D /* CoinbaseOauth2WebClient.swift in Sources */ = {isa = PBXBuildFile; fileRef = F7671BD6236EAED100C0470D /* CoinbaseOauth2WebClient.swift */; };
		F7671BDA236F748600C0470D /* RequestProtocol.swift in Sources */ = {isa = PBXBuildFile; fileRef = F7671BD9236F748600C0470D /* RequestProtocol.swift */; };
		F7671BDB236F748600C0470D /* RequestProtocol.swift in Sources */ = {isa = PBXBuildFile; fileRef = F7671BD9236F748600C0470D /* RequestProtocol.swift */; };
		F7671BDD236F8C8E00C0470D /* OAuthWkWebViewController.swift in Sources */ = {isa = PBXBuildFile; fileRef = F7671BDC236F8C8D00C0470D /* OAuthWkWebViewController.swift */; };
		F7CBBDDA2367D780002DDF34 /* AppDelegate.swift in Sources */ = {isa = PBXBuildFile; fileRef = F7CBBDD92367D780002DDF34 /* AppDelegate.swift */; };
		F7CBBDDC2367D780002DDF34 /* SceneDelegate.swift in Sources */ = {isa = PBXBuildFile; fileRef = F7CBBDDB2367D780002DDF34 /* SceneDelegate.swift */; };
		F7CBBDDE2367D780002DDF34 /* ViewController.swift in Sources */ = {isa = PBXBuildFile; fileRef = F7CBBDDD2367D780002DDF34 /* ViewController.swift */; };
		F7CBBDE12367D780002DDF34 /* Main.storyboard in Resources */ = {isa = PBXBuildFile; fileRef = F7CBBDDF2367D780002DDF34 /* Main.storyboard */; };
		F7CBBDE32367D784002DDF34 /* Assets.xcassets in Resources */ = {isa = PBXBuildFile; fileRef = F7CBBDE22367D784002DDF34 /* Assets.xcassets */; };
		F7CBBDE62367D784002DDF34 /* LaunchScreen.storyboard in Resources */ = {isa = PBXBuildFile; fileRef = F7CBBDE42367D784002DDF34 /* LaunchScreen.storyboard */; };
		F7CBBDF023689B6E002DDF34 /* Secret.swift in Sources */ = {isa = PBXBuildFile; fileRef = F7CBBDEF23689B6E002DDF34 /* Secret.swift */; };
		F7CBBDFD23689ECD002DDF34 /* thangerTests.swift in Sources */ = {isa = PBXBuildFile; fileRef = F7CBBDFC23689ECD002DDF34 /* thangerTests.swift */; };
		F7CBBE0423689EDD002DDF34 /* XCTest.framework in Frameworks */ = {isa = PBXBuildFile; fileRef = F7CBBDF423689E09002DDF34 /* XCTest.framework */; };
		F7CBBE0523689EED002DDF34 /* SecretTestCase.swift in Sources */ = {isa = PBXBuildFile; fileRef = F7CBBDF223689DC9002DDF34 /* SecretTestCase.swift */; };
		F7CBBE092368D094002DDF34 /* Constants.swift in Sources */ = {isa = PBXBuildFile; fileRef = F7CBBE082368D094002DDF34 /* Constants.swift */; };
		F7CBBE0A2368D0B3002DDF34 /* Constants.swift in Sources */ = {isa = PBXBuildFile; fileRef = F7CBBE082368D094002DDF34 /* Constants.swift */; };
		F7CBBE0C23690454002DDF34 /* SecretService.swift in Sources */ = {isa = PBXBuildFile; fileRef = F7CBBE0B23690454002DDF34 /* SecretService.swift */; };
		F7CBBE0D23690454002DDF34 /* SecretService.swift in Sources */ = {isa = PBXBuildFile; fileRef = F7CBBE0B23690454002DDF34 /* SecretService.swift */; };
		F7CBBE0E23690B10002DDF34 /* Secret.swift in Sources */ = {isa = PBXBuildFile; fileRef = F7CBBDEF23689B6E002DDF34 /* Secret.swift */; };
		F7CBBE11236A9893002DDF34 /* SecretRequest.swift in Sources */ = {isa = PBXBuildFile; fileRef = F7CBBE10236A9892002DDF34 /* SecretRequest.swift */; };
		F7CBBE12236A9893002DDF34 /* SecretRequest.swift in Sources */ = {isa = PBXBuildFile; fileRef = F7CBBE10236A9892002DDF34 /* SecretRequest.swift */; };
		F7CBBE14236A9AE3002DDF34 /* KeychainWrapper.swift in Sources */ = {isa = PBXBuildFile; fileRef = F7CBBE13236A9AE3002DDF34 /* KeychainWrapper.swift */; };
		F7CBBE15236A9AE3002DDF34 /* KeychainWrapper.swift in Sources */ = {isa = PBXBuildFile; fileRef = F7CBBE13236A9AE3002DDF34 /* KeychainWrapper.swift */; };
		F7CBBE17236AAEA9002DDF34 /* ServiceError.swift in Sources */ = {isa = PBXBuildFile; fileRef = F7CBBE16236AAEA8002DDF34 /* ServiceError.swift */; };
		F7CBBE18236AAEA9002DDF34 /* ServiceError.swift in Sources */ = {isa = PBXBuildFile; fileRef = F7CBBE16236AAEA8002DDF34 /* ServiceError.swift */; };
		F7CBBE1A236AB66D002DDF34 /* SecretWrapper.swift in Sources */ = {isa = PBXBuildFile; fileRef = F7CBBE19236AB66C002DDF34 /* SecretWrapper.swift */; };
		F7CBBE1B236AB66D002DDF34 /* SecretWrapper.swift in Sources */ = {isa = PBXBuildFile; fileRef = F7CBBE19236AB66C002DDF34 /* SecretWrapper.swift */; };
		F7CBBE1D236BAC58002DDF34 /* DefaultsWrapper.swift in Sources */ = {isa = PBXBuildFile; fileRef = F7CBBE1C236BAC58002DDF34 /* DefaultsWrapper.swift */; };
		F7CBBE1E236BAC58002DDF34 /* DefaultsWrapper.swift in Sources */ = {isa = PBXBuildFile; fileRef = F7CBBE1C236BAC58002DDF34 /* DefaultsWrapper.swift */; };
		F7CBBE23236CAB48002DDF34 /* secrets.plist in Resources */ = {isa = PBXBuildFile; fileRef = F7CBBE22236CAB48002DDF34 /* secrets.plist */; };
		F7CBBE24236CAB48002DDF34 /* secrets.plist in Resources */ = {isa = PBXBuildFile; fileRef = F7CBBE22236CAB48002DDF34 /* secrets.plist */; };
		F7CBBE26236CD745002DDF34 /* Currency.swift in Sources */ = {isa = PBXBuildFile; fileRef = F7CBBE25236CD745002DDF34 /* Currency.swift */; };
		F7CBBE27236CD745002DDF34 /* Currency.swift in Sources */ = {isa = PBXBuildFile; fileRef = F7CBBE25236CD745002DDF34 /* Currency.swift */; };
		F7CBBE29236CDA7A002DDF34 /* ExchangeRates.swift in Sources */ = {isa = PBXBuildFile; fileRef = F7CBBE28236CDA7A002DDF34 /* ExchangeRates.swift */; };
		F7CBBE2A236CDA7A002DDF34 /* ExchangeRates.swift in Sources */ = {isa = PBXBuildFile; fileRef = F7CBBE28236CDA7A002DDF34 /* ExchangeRates.swift */; };
		F7FCBEC1236CFFF900E70A75 /* Price.swift in Sources */ = {isa = PBXBuildFile; fileRef = F7FCBEC0236CFFF900E70A75 /* Price.swift */; };
		F7FCBEC2236CFFF900E70A75 /* Price.swift in Sources */ = {isa = PBXBuildFile; fileRef = F7FCBEC0236CFFF900E70A75 /* Price.swift */; };
/* End PBXBuildFile section */

/* Begin PBXContainerItemProxy section */
		F7CBBDFF23689ECD002DDF34 /* PBXContainerItemProxy */ = {
			isa = PBXContainerItemProxy;
			containerPortal = F7CBBDCE2367D780002DDF34 /* Project object */;
			proxyType = 1;
			remoteGlobalIDString = F7CBBDD52367D780002DDF34;
			remoteInfo = thanger;
		};
/* End PBXContainerItemProxy section */

/* Begin PBXFileReference section */
		2B902F50997B517A23BFD66B /* Pods-thanger.debug.xcconfig */ = {isa = PBXFileReference; includeInIndex = 1; lastKnownFileType = text.xcconfig; name = "Pods-thanger.debug.xcconfig"; path = "Target Support Files/Pods-thanger/Pods-thanger.debug.xcconfig"; sourceTree = "<group>"; };
		362BEDDB4E1C43285B33FBD2 /* Pods_thanger.framework */ = {isa = PBXFileReference; explicitFileType = wrapper.framework; includeInIndex = 0; path = Pods_thanger.framework; sourceTree = BUILT_PRODUCTS_DIR; };
		52FC683CAAFA0FC47CE7E132 /* Pods_thanger_thangerTests.framework */ = {isa = PBXFileReference; explicitFileType = wrapper.framework; includeInIndex = 0; path = Pods_thanger_thangerTests.framework; sourceTree = BUILT_PRODUCTS_DIR; };
		668528FFED5E93E40209E44A /* Pods-thanger-thangerTests.release.xcconfig */ = {isa = PBXFileReference; includeInIndex = 1; lastKnownFileType = text.xcconfig; name = "Pods-thanger-thangerTests.release.xcconfig"; path = "Target Support Files/Pods-thanger-thangerTests/Pods-thanger-thangerTests.release.xcconfig"; sourceTree = "<group>"; };
		761FD098E97DF5B6954AED83 /* Pods-thanger-thangerTests.debug.xcconfig */ = {isa = PBXFileReference; includeInIndex = 1; lastKnownFileType = text.xcconfig; name = "Pods-thanger-thangerTests.debug.xcconfig"; path = "Target Support Files/Pods-thanger-thangerTests/Pods-thanger-thangerTests.debug.xcconfig"; sourceTree = "<group>"; };
		F7671B88236D0A2200C0470D /* PriceRequest.swift */ = {isa = PBXFileReference; lastKnownFileType = sourcecode.swift; path = PriceRequest.swift; sourceTree = "<group>"; };
		F7671B8A236D0A8A00C0470D /* RemoteRequest.swift */ = {isa = PBXFileReference; fileEncoding = 4; lastKnownFileType = sourcecode.swift; path = RemoteRequest.swift; sourceTree = "<group>"; };
		F7671B8E236D408100C0470D /* RemoteClient.swift */ = {isa = PBXFileReference; fileEncoding = 4; lastKnownFileType = sourcecode.swift; path = RemoteClient.swift; sourceTree = "<group>"; };
		F7671B90236D408100C0470D /* WSClient.swift */ = {isa = PBXFileReference; fileEncoding = 4; lastKnownFileType = sourcecode.swift; path = WSClient.swift; sourceTree = "<group>"; };
		F7671B98236D412C00C0470D /* RemoteTransport.swift */ = {isa = PBXFileReference; fileEncoding = 4; lastKnownFileType = sourcecode.swift; path = RemoteTransport.swift; sourceTree = "<group>"; };
		F7671B99236D412C00C0470D /* WSStarscreamTransport.swift */ = {isa = PBXFileReference; fileEncoding = 4; lastKnownFileType = sourcecode.swift; path = WSStarscreamTransport.swift; sourceTree = "<group>"; };
		F7671B9A236D412C00C0470D /* JsonHttpTransport.swift */ = {isa = PBXFileReference; fileEncoding = 4; lastKnownFileType = sourcecode.swift; path = JsonHttpTransport.swift; sourceTree = "<group>"; };
		F7671B9B236D412C00C0470D /* WSMessage.swift */ = {isa = PBXFileReference; fileEncoding = 4; lastKnownFileType = sourcecode.swift; path = WSMessage.swift; sourceTree = "<group>"; };
		F7671B9C236D412C00C0470D /* WSNativeTransport.swift */ = {isa = PBXFileReference; fileEncoding = 4; lastKnownFileType = sourcecode.swift; path = WSNativeTransport.swift; sourceTree = "<group>"; };
		F7671BA7236D423600C0470D /* CoinbaseOauth2Client.swift */ = {isa = PBXFileReference; fileEncoding = 4; lastKnownFileType = sourcecode.swift; path = CoinbaseOauth2Client.swift; sourceTree = "<group>"; };
		F7671BAB236D436700C0470D /* NetworkPlatform.swift */ = {isa = PBXFileReference; fileEncoding = 4; lastKnownFileType = sourcecode.swift; path = NetworkPlatform.swift; sourceTree = "<group>"; };
		F7671BAC236D436700C0470D /* Network.plist */ = {isa = PBXFileReference; fileEncoding = 4; lastKnownFileType = text.plist.xml; path = Network.plist; sourceTree = "<group>"; };
		F7671BB1236D49A900C0470D /* PriceService.swift */ = {isa = PBXFileReference; lastKnownFileType = sourcecode.swift; path = PriceService.swift; sourceTree = "<group>"; };
		F7671BB4236D4B7500C0470D /* CoinbaseHttpClient.swift */ = {isa = PBXFileReference; fileEncoding = 4; lastKnownFileType = sourcecode.swift; path = CoinbaseHttpClient.swift; sourceTree = "<group>"; };
		F7671BB7236D567100C0470D /* Pods_thanger.framework */ = {isa = PBXFileReference; explicitFileType = wrapper.framework; path = Pods_thanger.framework; sourceTree = BUILT_PRODUCTS_DIR; };
		F7671BBA236D5E2E00C0470D /* CurrencyRequest.swift */ = {isa = PBXFileReference; lastKnownFileType = sourcecode.swift; path = CurrencyRequest.swift; sourceTree = "<group>"; };
		F7671BBC236D5FCB00C0470D /* CurrencyService.swift */ = {isa = PBXFileReference; lastKnownFileType = sourcecode.swift; path = CurrencyService.swift; sourceTree = "<group>"; };
		F7671BC0236DF91400C0470D /* DigitalAsset.swift */ = {isa = PBXFileReference; lastKnownFileType = sourcecode.swift; path = DigitalAsset.swift; sourceTree = "<group>"; };
		F7671BC3236E800200C0470D /* UserAccountRequest.swift */ = {isa = PBXFileReference; lastKnownFileType = sourcecode.swift; path = UserAccountRequest.swift; sourceTree = "<group>"; };
		F7671BD0236EAA9100C0470D /* UserAccountService.swift */ = {isa = PBXFileReference; lastKnownFileType = sourcecode.swift; path = UserAccountService.swift; sourceTree = "<group>"; };
		F7671BD3236EADC100C0470D /* UserAuthRequest.swift */ = {isa = PBXFileReference; lastKnownFileType = sourcecode.swift; path = UserAuthRequest.swift; sourceTree = "<group>"; };
		F7671BD6236EAED100C0470D /* CoinbaseOauth2WebClient.swift */ = {isa = PBXFileReference; lastKnownFileType = sourcecode.swift; path = CoinbaseOauth2WebClient.swift; sourceTree = "<group>"; };
		F7671BD9236F748600C0470D /* RequestProtocol.swift */ = {isa = PBXFileReference; lastKnownFileType = sourcecode.swift; path = RequestProtocol.swift; sourceTree = "<group>"; };
		F7671BDC236F8C8D00C0470D /* OAuthWkWebViewController.swift */ = {isa = PBXFileReference; lastKnownFileType = sourcecode.swift; path = OAuthWkWebViewController.swift; sourceTree = "<group>"; };
		F7CBBDD62367D780002DDF34 /* thanger.app */ = {isa = PBXFileReference; explicitFileType = wrapper.application; includeInIndex = 0; path = thanger.app; sourceTree = BUILT_PRODUCTS_DIR; };
		F7CBBDD92367D780002DDF34 /* AppDelegate.swift */ = {isa = PBXFileReference; lastKnownFileType = sourcecode.swift; path = AppDelegate.swift; sourceTree = "<group>"; };
		F7CBBDDB2367D780002DDF34 /* SceneDelegate.swift */ = {isa = PBXFileReference; lastKnownFileType = sourcecode.swift; path = SceneDelegate.swift; sourceTree = "<group>"; };
		F7CBBDDD2367D780002DDF34 /* ViewController.swift */ = {isa = PBXFileReference; lastKnownFileType = sourcecode.swift; path = ViewController.swift; sourceTree = "<group>"; };
		F7CBBDE02367D780002DDF34 /* Base */ = {isa = PBXFileReference; lastKnownFileType = file.storyboard; name = Base; path = Base.lproj/Main.storyboard; sourceTree = "<group>"; };
		F7CBBDE22367D784002DDF34 /* Assets.xcassets */ = {isa = PBXFileReference; lastKnownFileType = folder.assetcatalog; path = Assets.xcassets; sourceTree = "<group>"; };
		F7CBBDE52367D784002DDF34 /* Base */ = {isa = PBXFileReference; lastKnownFileType = file.storyboard; name = Base; path = Base.lproj/LaunchScreen.storyboard; sourceTree = "<group>"; };
		F7CBBDE72367D784002DDF34 /* Info.plist */ = {isa = PBXFileReference; lastKnownFileType = text.plist.xml; path = Info.plist; sourceTree = "<group>"; };
		F7CBBDEF23689B6E002DDF34 /* Secret.swift */ = {isa = PBXFileReference; lastKnownFileType = sourcecode.swift; path = Secret.swift; sourceTree = "<group>"; };
		F7CBBDF223689DC9002DDF34 /* SecretTestCase.swift */ = {isa = PBXFileReference; lastKnownFileType = sourcecode.swift; path = SecretTestCase.swift; sourceTree = "<group>"; };
		F7CBBDF423689E09002DDF34 /* XCTest.framework */ = {isa = PBXFileReference; lastKnownFileType = wrapper.framework; name = XCTest.framework; path = Platforms/iPhoneOS.platform/Developer/Library/Frameworks/XCTest.framework; sourceTree = DEVELOPER_DIR; };
		F7CBBDFA23689ECD002DDF34 /* thangerTests.xctest */ = {isa = PBXFileReference; explicitFileType = wrapper.cfbundle; includeInIndex = 0; path = thangerTests.xctest; sourceTree = BUILT_PRODUCTS_DIR; };
		F7CBBDFC23689ECD002DDF34 /* thangerTests.swift */ = {isa = PBXFileReference; lastKnownFileType = sourcecode.swift; path = thangerTests.swift; sourceTree = "<group>"; };
		F7CBBDFE23689ECD002DDF34 /* Info.plist */ = {isa = PBXFileReference; lastKnownFileType = text.plist.xml; path = Info.plist; sourceTree = "<group>"; };
		F7CBBE072368B961002DDF34 /* thanger.entitlements */ = {isa = PBXFileReference; lastKnownFileType = text.plist.entitlements; path = thanger.entitlements; sourceTree = "<group>"; };
		F7CBBE082368D094002DDF34 /* Constants.swift */ = {isa = PBXFileReference; lastKnownFileType = sourcecode.swift; path = Constants.swift; sourceTree = "<group>"; };
		F7CBBE0B23690454002DDF34 /* SecretService.swift */ = {isa = PBXFileReference; lastKnownFileType = sourcecode.swift; path = SecretService.swift; sourceTree = "<group>"; };
		F7CBBE10236A9892002DDF34 /* SecretRequest.swift */ = {isa = PBXFileReference; lastKnownFileType = sourcecode.swift; path = SecretRequest.swift; sourceTree = "<group>"; };
		F7CBBE13236A9AE3002DDF34 /* KeychainWrapper.swift */ = {isa = PBXFileReference; lastKnownFileType = sourcecode.swift; path = KeychainWrapper.swift; sourceTree = "<group>"; };
		F7CBBE16236AAEA8002DDF34 /* ServiceError.swift */ = {isa = PBXFileReference; fileEncoding = 4; lastKnownFileType = sourcecode.swift; path = ServiceError.swift; sourceTree = "<group>"; };
		F7CBBE19236AB66C002DDF34 /* SecretWrapper.swift */ = {isa = PBXFileReference; fileEncoding = 4; lastKnownFileType = sourcecode.swift; path = SecretWrapper.swift; sourceTree = "<group>"; };
		F7CBBE1C236BAC58002DDF34 /* DefaultsWrapper.swift */ = {isa = PBXFileReference; fileEncoding = 4; lastKnownFileType = sourcecode.swift; path = DefaultsWrapper.swift; sourceTree = "<group>"; };
		F7CBBE22236CAB48002DDF34 /* secrets.plist */ = {isa = PBXFileReference; lastKnownFileType = text.plist.xml; path = secrets.plist; sourceTree = "<group>"; };
		F7CBBE25236CD745002DDF34 /* Currency.swift */ = {isa = PBXFileReference; lastKnownFileType = sourcecode.swift; path = Currency.swift; sourceTree = "<group>"; };
		F7CBBE28236CDA7A002DDF34 /* ExchangeRates.swift */ = {isa = PBXFileReference; lastKnownFileType = sourcecode.swift; path = ExchangeRates.swift; sourceTree = "<group>"; };
		F7FCBEC0236CFFF900E70A75 /* Price.swift */ = {isa = PBXFileReference; lastKnownFileType = sourcecode.swift; path = Price.swift; sourceTree = "<group>"; };
		F9863AAB718CC901A4D161B9 /* Pods-thanger.release.xcconfig */ = {isa = PBXFileReference; includeInIndex = 1; lastKnownFileType = text.xcconfig; name = "Pods-thanger.release.xcconfig"; path = "Target Support Files/Pods-thanger/Pods-thanger.release.xcconfig"; sourceTree = "<group>"; };
/* End PBXFileReference section */

/* Begin PBXFrameworksBuildPhase section */
		F7CBBDD32367D780002DDF34 /* Frameworks */ = {
			isa = PBXFrameworksBuildPhase;
			buildActionMask = 2147483647;
			files = (
				5768066273C46977F5524F9B /* Pods_thanger.framework in Frameworks */,
				E6CDCEFCFF116C270A4DFBFA /* Pods_thanger.framework in Frameworks */,
			);
			runOnlyForDeploymentPostprocessing = 0;
		};
		F7CBBDF723689ECD002DDF34 /* Frameworks */ = {
			isa = PBXFrameworksBuildPhase;
			buildActionMask = 2147483647;
			files = (
				F7CBBE0423689EDD002DDF34 /* XCTest.framework in Frameworks */,
				26D079EDD05F88D4B4304055 /* Pods_thanger_thangerTests.framework in Frameworks */,
			);
			runOnlyForDeploymentPostprocessing = 0;
		};
/* End PBXFrameworksBuildPhase section */

/* Begin PBXGroup section */
		CCB56109BF39BA3F789C1BA4 /* Pods */ = {
			isa = PBXGroup;
			children = (
				2B902F50997B517A23BFD66B /* Pods-thanger.debug.xcconfig */,
				F9863AAB718CC901A4D161B9 /* Pods-thanger.release.xcconfig */,
				761FD098E97DF5B6954AED83 /* Pods-thanger-thangerTests.debug.xcconfig */,
				668528FFED5E93E40209E44A /* Pods-thanger-thangerTests.release.xcconfig */,
			);
			path = Pods;
			sourceTree = "<group>";
		};
		D6DE6E70BAE786EF0AC07809 /* Frameworks */ = {
			isa = PBXGroup;
			children = (
				F7671BB7236D567100C0470D /* Pods_thanger.framework */,
				F7CBBDF423689E09002DDF34 /* XCTest.framework */,
				362BEDDB4E1C43285B33FBD2 /* Pods_thanger.framework */,
				52FC683CAAFA0FC47CE7E132 /* Pods_thanger_thangerTests.framework */,
			);
			name = Frameworks;
			sourceTree = "<group>";
		};
		F7671B8D236D400100C0470D /* Clients */ = {
			isa = PBXGroup;
			children = (
				F7671BB4236D4B7500C0470D /* CoinbaseHttpClient.swift */,
				F7671BA7236D423600C0470D /* CoinbaseOauth2Client.swift */,
				F7671B8E236D408100C0470D /* RemoteClient.swift */,
				F7671B90236D408100C0470D /* WSClient.swift */,
				F7671BD6236EAED100C0470D /* CoinbaseOauth2WebClient.swift */,
			);
			path = Clients;
			sourceTree = "<group>";
		};
		F7671B97236D410A00C0470D /* Transports */ = {
			isa = PBXGroup;
			children = (
				F7671B9A236D412C00C0470D /* JsonHttpTransport.swift */,
				F7671B98236D412C00C0470D /* RemoteTransport.swift */,
				F7671B9B236D412C00C0470D /* WSMessage.swift */,
				F7671B9C236D412C00C0470D /* WSNativeTransport.swift */,
				F7671B99236D412C00C0470D /* WSStarscreamTransport.swift */,
				F7CBBE1C236BAC58002DDF34 /* DefaultsWrapper.swift */,
				F7CBBE19236AB66C002DDF34 /* SecretWrapper.swift */,
				F7CBBE13236A9AE3002DDF34 /* KeychainWrapper.swift */,
			);
			path = Transports;
			sourceTree = "<group>";
		};
		F7671BAA236D433700C0470D /* Network */ = {
			isa = PBXGroup;
			children = (
				F7671BAC236D436700C0470D /* Network.plist */,
				F7671BAB236D436700C0470D /* NetworkPlatform.swift */,
			);
			path = Network;
			sourceTree = "<group>";
		};
		F7CBBDCD2367D780002DDF34 = {
			isa = PBXGroup;
			children = (
				F7CBBDD82367D780002DDF34 /* thanger */,
				F7CBBDFB23689ECD002DDF34 /* thangerTests */,
				F7CBBDD72367D780002DDF34 /* Products */,
				CCB56109BF39BA3F789C1BA4 /* Pods */,
				D6DE6E70BAE786EF0AC07809 /* Frameworks */,
			);
			sourceTree = "<group>";
		};
		F7CBBDD72367D780002DDF34 /* Products */ = {
			isa = PBXGroup;
			children = (
				F7CBBDD62367D780002DDF34 /* thanger.app */,
				F7CBBDFA23689ECD002DDF34 /* thangerTests.xctest */,
			);
			name = Products;
			sourceTree = "<group>";
		};
		F7CBBDD82367D780002DDF34 /* thanger */ = {
			isa = PBXGroup;
			children = (
				F7671BAA236D433700C0470D /* Network */,
				F7671B97236D410A00C0470D /* Transports */,
				F7671B8D236D400100C0470D /* Clients */,
				F7CBBE0F236A9879002DDF34 /* Requests */,
				F7CBBE062368A68D002DDF34 /* Services */,
				F7CBBDF123689B7C002DDF34 /* Models */,
				F7CBBDD92367D780002DDF34 /* AppDelegate.swift */,
				F7CBBDDB2367D780002DDF34 /* SceneDelegate.swift */,
				F7CBBDDD2367D780002DDF34 /* ViewController.swift */,
				F7671BDC236F8C8D00C0470D /* OAuthWkWebViewController.swift */,
				F7CBBDDF2367D780002DDF34 /* Main.storyboard */,
				F7CBBDE22367D784002DDF34 /* Assets.xcassets */,
				F7CBBDE42367D784002DDF34 /* LaunchScreen.storyboard */,
				F7CBBDE72367D784002DDF34 /* Info.plist */,
				F7CBBE072368B961002DDF34 /* thanger.entitlements */,
				F7CBBE082368D094002DDF34 /* Constants.swift */,
				F7CBBE16236AAEA8002DDF34 /* ServiceError.swift */,
				F7CBBE22236CAB48002DDF34 /* secrets.plist */,
			);
			path = thanger;
			sourceTree = "<group>";
		};
		F7CBBDF123689B7C002DDF34 /* Models */ = {
			isa = PBXGroup;
			children = (
				F7CBBDEF23689B6E002DDF34 /* Secret.swift */,
				F7CBBE25236CD745002DDF34 /* Currency.swift */,
				F7CBBE28236CDA7A002DDF34 /* ExchangeRates.swift */,
				F7FCBEC0236CFFF900E70A75 /* Price.swift */,
				F7671BC0236DF91400C0470D /* DigitalAsset.swift */,
			);
			path = Models;
			sourceTree = "<group>";
		};
		F7CBBDFB23689ECD002DDF34 /* thangerTests */ = {
			isa = PBXGroup;
			children = (
				F7CBBDF223689DC9002DDF34 /* SecretTestCase.swift */,
				F7CBBDFC23689ECD002DDF34 /* thangerTests.swift */,
				F7CBBDFE23689ECD002DDF34 /* Info.plist */,
			);
			path = thangerTests;
			sourceTree = "<group>";
		};
		F7CBBE062368A68D002DDF34 /* Services */ = {
			isa = PBXGroup;
			children = (
				F7CBBE0B23690454002DDF34 /* SecretService.swift */,
				F7671BB1236D49A900C0470D /* PriceService.swift */,
				F7671BBC236D5FCB00C0470D /* CurrencyService.swift */,
				F7671BD0236EAA9100C0470D /* UserAccountService.swift */,
			);
			path = Services;
			sourceTree = "<group>";
		};
		F7CBBE0F236A9879002DDF34 /* Requests */ = {
			isa = PBXGroup;
			children = (
				F7671B8A236D0A8A00C0470D /* RemoteRequest.swift */,
				F7CBBE10236A9892002DDF34 /* SecretRequest.swift */,
				F7671B88236D0A2200C0470D /* PriceRequest.swift */,
				F7671BBA236D5E2E00C0470D /* CurrencyRequest.swift */,
				F7671BC3236E800200C0470D /* UserAccountRequest.swift */,
				F7671BD3236EADC100C0470D /* UserAuthRequest.swift */,
				F7671BD9236F748600C0470D /* RequestProtocol.swift */,
			);
			path = Requests;
			sourceTree = "<group>";
		};
/* End PBXGroup section */

/* Begin PBXNativeTarget section */
		F7CBBDD52367D780002DDF34 /* thanger */ = {
			isa = PBXNativeTarget;
			buildConfigurationList = F7CBBDEA2367D785002DDF34 /* Build configuration list for PBXNativeTarget "thanger" */;
			buildPhases = (
				B9239A86F5FE4EB1344DEF82 /* [CP] Check Pods Manifest.lock */,
				F7CBBDD22367D780002DDF34 /* Sources */,
				F7CBBDD32367D780002DDF34 /* Frameworks */,
				F7CBBDD42367D780002DDF34 /* Resources */,
				8E782BFA9D147D8634E94F19 /* [CP] Embed Pods Frameworks */,
			);
			buildRules = (
			);
			dependencies = (
			);
			name = thanger;
			productName = thanger;
			productReference = F7CBBDD62367D780002DDF34 /* thanger.app */;
			productType = "com.apple.product-type.application";
		};
		F7CBBDF923689ECD002DDF34 /* thangerTests */ = {
			isa = PBXNativeTarget;
			buildConfigurationList = F7CBBE0123689ECD002DDF34 /* Build configuration list for PBXNativeTarget "thangerTests" */;
			buildPhases = (
				91DAC31AA9B7D50A19CD2B3B /* [CP] Check Pods Manifest.lock */,
				F7CBBDF623689ECD002DDF34 /* Sources */,
				F7CBBDF723689ECD002DDF34 /* Frameworks */,
				F7CBBDF823689ECD002DDF34 /* Resources */,
				2F2217FB50F9498A5BBDADC6 /* [CP] Embed Pods Frameworks */,
			);
			buildRules = (
			);
			dependencies = (
				F7CBBE0023689ECD002DDF34 /* PBXTargetDependency */,
			);
			name = thangerTests;
			productName = thangerTests;
			productReference = F7CBBDFA23689ECD002DDF34 /* thangerTests.xctest */;
			productType = "com.apple.product-type.bundle.unit-test";
		};
/* End PBXNativeTarget section */

/* Begin PBXProject section */
		F7CBBDCE2367D780002DDF34 /* Project object */ = {
			isa = PBXProject;
			attributes = {
				LastSwiftUpdateCheck = 1110;
				LastUpgradeCheck = 1110;
				ORGANIZATIONNAME = Bill;
				TargetAttributes = {
					F7CBBDD52367D780002DDF34 = {
						CreatedOnToolsVersion = 11.1;
					};
					F7CBBDF923689ECD002DDF34 = {
						CreatedOnToolsVersion = 11.1;
						TestTargetID = F7CBBDD52367D780002DDF34;
					};
				};
			};
			buildConfigurationList = F7CBBDD12367D780002DDF34 /* Build configuration list for PBXProject "thanger" */;
			compatibilityVersion = "Xcode 9.3";
			developmentRegion = en;
			hasScannedForEncodings = 0;
			knownRegions = (
				en,
				Base,
			);
			mainGroup = F7CBBDCD2367D780002DDF34;
			productRefGroup = F7CBBDD72367D780002DDF34 /* Products */;
			projectDirPath = "";
			projectRoot = "";
			targets = (
				F7CBBDD52367D780002DDF34 /* thanger */,
				F7CBBDF923689ECD002DDF34 /* thangerTests */,
			);
		};
/* End PBXProject section */

/* Begin PBXResourcesBuildPhase section */
		F7CBBDD42367D780002DDF34 /* Resources */ = {
			isa = PBXResourcesBuildPhase;
			buildActionMask = 2147483647;
			files = (
				F7671BAF236D436700C0470D /* Network.plist in Resources */,
				F7CBBE23236CAB48002DDF34 /* secrets.plist in Resources */,
				F7CBBDE62367D784002DDF34 /* LaunchScreen.storyboard in Resources */,
				F7CBBDE32367D784002DDF34 /* Assets.xcassets in Resources */,
				F7CBBDE12367D780002DDF34 /* Main.storyboard in Resources */,
			);
			runOnlyForDeploymentPostprocessing = 0;
		};
		F7CBBDF823689ECD002DDF34 /* Resources */ = {
			isa = PBXResourcesBuildPhase;
			buildActionMask = 2147483647;
			files = (
				F7CBBE24236CAB48002DDF34 /* secrets.plist in Resources */,
				F7671BB0236D436700C0470D /* Network.plist in Resources */,
			);
			runOnlyForDeploymentPostprocessing = 0;
		};
/* End PBXResourcesBuildPhase section */

/* Begin PBXShellScriptBuildPhase section */
		2F2217FB50F9498A5BBDADC6 /* [CP] Embed Pods Frameworks */ = {
			isa = PBXShellScriptBuildPhase;
			buildActionMask = 2147483647;
			files = (
			);
			inputFileListPaths = (
				"${PODS_ROOT}/Target Support Files/Pods-thanger-thangerTests/Pods-thanger-thangerTests-frameworks-${CONFIGURATION}-input-files.xcfilelist",
			);
			name = "[CP] Embed Pods Frameworks";
			outputFileListPaths = (
				"${PODS_ROOT}/Target Support Files/Pods-thanger-thangerTests/Pods-thanger-thangerTests-frameworks-${CONFIGURATION}-output-files.xcfilelist",
			);
			runOnlyForDeploymentPostprocessing = 0;
			shellPath = /bin/sh;
			shellScript = "\"${PODS_ROOT}/Target Support Files/Pods-thanger-thangerTests/Pods-thanger-thangerTests-frameworks.sh\"\n";
			showEnvVarsInLog = 0;
		};
		8E782BFA9D147D8634E94F19 /* [CP] Embed Pods Frameworks */ = {
			isa = PBXShellScriptBuildPhase;
			buildActionMask = 2147483647;
			files = (
			);
			inputFileListPaths = (
				"${PODS_ROOT}/Target Support Files/Pods-thanger/Pods-thanger-frameworks-${CONFIGURATION}-input-files.xcfilelist",
			);
			name = "[CP] Embed Pods Frameworks";
			outputFileListPaths = (
				"${PODS_ROOT}/Target Support Files/Pods-thanger/Pods-thanger-frameworks-${CONFIGURATION}-output-files.xcfilelist",
			);
			runOnlyForDeploymentPostprocessing = 0;
			shellPath = /bin/sh;
			shellScript = "\"${PODS_ROOT}/Target Support Files/Pods-thanger/Pods-thanger-frameworks.sh\"\n";
			showEnvVarsInLog = 0;
		};
		91DAC31AA9B7D50A19CD2B3B /* [CP] Check Pods Manifest.lock */ = {
			isa = PBXShellScriptBuildPhase;
			buildActionMask = 2147483647;
			files = (
			);
			inputFileListPaths = (
			);
			inputPaths = (
				"${PODS_PODFILE_DIR_PATH}/Podfile.lock",
				"${PODS_ROOT}/Manifest.lock",
			);
			name = "[CP] Check Pods Manifest.lock";
			outputFileListPaths = (
			);
			outputPaths = (
				"$(DERIVED_FILE_DIR)/Pods-thanger-thangerTests-checkManifestLockResult.txt",
			);
			runOnlyForDeploymentPostprocessing = 0;
			shellPath = /bin/sh;
			shellScript = "diff \"${PODS_PODFILE_DIR_PATH}/Podfile.lock\" \"${PODS_ROOT}/Manifest.lock\" > /dev/null\nif [ $? != 0 ] ; then\n    # print error to STDERR\n    echo \"error: The sandbox is not in sync with the Podfile.lock. Run 'pod install' or update your CocoaPods installation.\" >&2\n    exit 1\nfi\n# This output is used by Xcode 'outputs' to avoid re-running this script phase.\necho \"SUCCESS\" > \"${SCRIPT_OUTPUT_FILE_0}\"\n";
			showEnvVarsInLog = 0;
		};
		B9239A86F5FE4EB1344DEF82 /* [CP] Check Pods Manifest.lock */ = {
			isa = PBXShellScriptBuildPhase;
			buildActionMask = 2147483647;
			files = (
			);
			inputFileListPaths = (
			);
			inputPaths = (
				"${PODS_PODFILE_DIR_PATH}/Podfile.lock",
				"${PODS_ROOT}/Manifest.lock",
			);
			name = "[CP] Check Pods Manifest.lock";
			outputFileListPaths = (
			);
			outputPaths = (
				"$(DERIVED_FILE_DIR)/Pods-thanger-checkManifestLockResult.txt",
			);
			runOnlyForDeploymentPostprocessing = 0;
			shellPath = /bin/sh;
			shellScript = "diff \"${PODS_PODFILE_DIR_PATH}/Podfile.lock\" \"${PODS_ROOT}/Manifest.lock\" > /dev/null\nif [ $? != 0 ] ; then\n    # print error to STDERR\n    echo \"error: The sandbox is not in sync with the Podfile.lock. Run 'pod install' or update your CocoaPods installation.\" >&2\n    exit 1\nfi\n# This output is used by Xcode 'outputs' to avoid re-running this script phase.\necho \"SUCCESS\" > \"${SCRIPT_OUTPUT_FILE_0}\"\n";
			showEnvVarsInLog = 0;
		};
/* End PBXShellScriptBuildPhase section */

/* Begin PBXSourcesBuildPhase section */
		F7CBBDD22367D780002DDF34 /* Sources */ = {
			isa = PBXSourcesBuildPhase;
			buildActionMask = 2147483647;
			files = (
				F7671BD7236EAED100C0470D /* CoinbaseOauth2WebClient.swift in Sources */,
				F7CBBE26236CD745002DDF34 /* Currency.swift in Sources */,
				F7671B9F236D412C00C0470D /* WSStarscreamTransport.swift in Sources */,
				F7FCBEC1236CFFF900E70A75 /* Price.swift in Sources */,
				F7671BB2236D49A900C0470D /* PriceService.swift in Sources */,
				F7671BA8236D423600C0470D /* CoinbaseOauth2Client.swift in Sources */,
				F7CBBE092368D094002DDF34 /* Constants.swift in Sources */,
				F7671B95236D408100C0470D /* WSClient.swift in Sources */,
				F7671BAD236D436700C0470D /* NetworkPlatform.swift in Sources */,
				F7671B8B236D0A8A00C0470D /* RemoteRequest.swift in Sources */,
				F7671B91236D408100C0470D /* RemoteClient.swift in Sources */,
				F7671BB5236D4B7500C0470D /* CoinbaseHttpClient.swift in Sources */,
				F7CBBDDE2367D780002DDF34 /* ViewController.swift in Sources */,
				F7671BBB236D5E2E00C0470D /* CurrencyRequest.swift in Sources */,
				F7671BC4236E800200C0470D /* UserAccountRequest.swift in Sources */,
				F7CBBDF023689B6E002DDF34 /* Secret.swift in Sources */,
				F7CBBE1A236AB66D002DDF34 /* SecretWrapper.swift in Sources */,
				F7671BD1236EAA9100C0470D /* UserAccountService.swift in Sources */,
				F7CBBE0C23690454002DDF34 /* SecretService.swift in Sources */,
				F7CBBE29236CDA7A002DDF34 /* ExchangeRates.swift in Sources */,
				F7CBBE1D236BAC58002DDF34 /* DefaultsWrapper.swift in Sources */,
				F7671BD4236EADC100C0470D /* UserAuthRequest.swift in Sources */,
				F7CBBDDA2367D780002DDF34 /* AppDelegate.swift in Sources */,
				F7671BA1236D412C00C0470D /* JsonHttpTransport.swift in Sources */,
				F7671BA5236D412C00C0470D /* WSNativeTransport.swift in Sources */,
				F7CBBE14236A9AE3002DDF34 /* KeychainWrapper.swift in Sources */,
				F7CBBE17236AAEA9002DDF34 /* ServiceError.swift in Sources */,
				F7671BA3236D412C00C0470D /* WSMessage.swift in Sources */,
				F7CBBDDC2367D780002DDF34 /* SceneDelegate.swift in Sources */,
				F7671BDD236F8C8E00C0470D /* OAuthWkWebViewController.swift in Sources */,
				F7671B9D236D412C00C0470D /* RemoteTransport.swift in Sources */,
				F7671BBD236D5FCB00C0470D /* CurrencyService.swift in Sources */,
				F7671BC1236DF91400C0470D /* DigitalAsset.swift in Sources */,
				F7671B89236D0A2200C0470D /* PriceRequest.swift in Sources */,
				F7CBBE11236A9893002DDF34 /* SecretRequest.swift in Sources */,
				F7671BDA236F748600C0470D /* RequestProtocol.swift in Sources */,
			);
			runOnlyForDeploymentPostprocessing = 0;
		};
		F7CBBDF623689ECD002DDF34 /* Sources */ = {
			isa = PBXSourcesBuildPhase;
			buildActionMask = 2147483647;
			files = (
				F7CBBE1B236AB66D002DDF34 /* SecretWrapper.swift in Sources */,
				F7671BB6236D4B7500C0470D /* CoinbaseHttpClient.swift in Sources */,
				F7671BC5236E800200C0470D /* UserAccountRequest.swift in Sources */,
				F7671BA2236D412C00C0470D /* JsonHttpTransport.swift in Sources */,
				F7671BAE236D436700C0470D /* NetworkPlatform.swift in Sources */,
				F7671B92236D408100C0470D /* RemoteClient.swift in Sources */,
				F7CBBE18236AAEA9002DDF34 /* ServiceError.swift in Sources */,
				F7CBBDFD23689ECD002DDF34 /* thangerTests.swift in Sources */,
				F7CBBE0E23690B10002DDF34 /* Secret.swift in Sources */,
				F7CBBE2A236CDA7A002DDF34 /* ExchangeRates.swift in Sources */,
				F7671BD5236EADC100C0470D /* UserAuthRequest.swift in Sources */,
				F7671BA9236D423600C0470D /* CoinbaseOauth2Client.swift in Sources */,
				F7671BC2236DF91500C0470D /* DigitalAsset.swift in Sources */,
				F7671BB3236D49A900C0470D /* PriceService.swift in Sources */,
				F7671BBE236D632700C0470D /* CurrencyService.swift in Sources */,
				F7671BDB236F748600C0470D /* RequestProtocol.swift in Sources */,
				F7671BBF236D63D600C0470D /* CurrencyRequest.swift in Sources */,
				F7CBBE0D23690454002DDF34 /* SecretService.swift in Sources */,
				F7671BA0236D412C00C0470D /* WSStarscreamTransport.swift in Sources */,
				F7671BB9236D591E00C0470D /* PriceRequest.swift in Sources */,
				F7671BA4236D412C00C0470D /* WSMessage.swift in Sources */,
				F7CBBE15236A9AE3002DDF34 /* KeychainWrapper.swift in Sources */,
				F7671BD2236EAA9100C0470D /* UserAccountService.swift in Sources */,
				F7671B9E236D412C00C0470D /* RemoteTransport.swift in Sources */,
				F7CBBE27236CD745002DDF34 /* Currency.swift in Sources */,
				F7671B96236D408100C0470D /* WSClient.swift in Sources */,
				F7FCBEC2236CFFF900E70A75 /* Price.swift in Sources */,
				F7CBBE12236A9893002DDF34 /* SecretRequest.swift in Sources */,
				F7CBBE1E236BAC58002DDF34 /* DefaultsWrapper.swift in Sources */,
				F7671B8C236D0A8A00C0470D /* RemoteRequest.swift in Sources */,
				F7671BD8236EAED100C0470D /* CoinbaseOauth2WebClient.swift in Sources */,
				F7CBBE0523689EED002DDF34 /* SecretTestCase.swift in Sources */,
				F7671BA6236D412C00C0470D /* WSNativeTransport.swift in Sources */,
				F7CBBE0A2368D0B3002DDF34 /* Constants.swift in Sources */,
			);
			runOnlyForDeploymentPostprocessing = 0;
		};
/* End PBXSourcesBuildPhase section */

/* Begin PBXTargetDependency section */
		F7CBBE0023689ECD002DDF34 /* PBXTargetDependency */ = {
			isa = PBXTargetDependency;
			target = F7CBBDD52367D780002DDF34 /* thanger */;
			targetProxy = F7CBBDFF23689ECD002DDF34 /* PBXContainerItemProxy */;
		};
/* End PBXTargetDependency section */

/* Begin PBXVariantGroup section */
		F7CBBDDF2367D780002DDF34 /* Main.storyboard */ = {
			isa = PBXVariantGroup;
			children = (
				F7CBBDE02367D780002DDF34 /* Base */,
			);
			name = Main.storyboard;
			sourceTree = "<group>";
		};
		F7CBBDE42367D784002DDF34 /* LaunchScreen.storyboard */ = {
			isa = PBXVariantGroup;
			children = (
				F7CBBDE52367D784002DDF34 /* Base */,
			);
			name = LaunchScreen.storyboard;
			sourceTree = "<group>";
		};
/* End PBXVariantGroup section */

/* Begin XCBuildConfiguration section */
		F7CBBDE82367D784002DDF34 /* Debug */ = {
			isa = XCBuildConfiguration;
			buildSettings = {
				ALWAYS_SEARCH_USER_PATHS = NO;
				CLANG_ANALYZER_NONNULL = YES;
				CLANG_ANALYZER_NUMBER_OBJECT_CONVERSION = YES_AGGRESSIVE;
				CLANG_CXX_LANGUAGE_STANDARD = "gnu++14";
				CLANG_CXX_LIBRARY = "libc++";
				CLANG_ENABLE_MODULES = YES;
				CLANG_ENABLE_OBJC_ARC = YES;
				CLANG_ENABLE_OBJC_WEAK = YES;
				CLANG_WARN_BLOCK_CAPTURE_AUTORELEASING = YES;
				CLANG_WARN_BOOL_CONVERSION = YES;
				CLANG_WARN_COMMA = YES;
				CLANG_WARN_CONSTANT_CONVERSION = YES;
				CLANG_WARN_DEPRECATED_OBJC_IMPLEMENTATIONS = YES;
				CLANG_WARN_DIRECT_OBJC_ISA_USAGE = YES_ERROR;
				CLANG_WARN_DOCUMENTATION_COMMENTS = YES;
				CLANG_WARN_EMPTY_BODY = YES;
				CLANG_WARN_ENUM_CONVERSION = YES;
				CLANG_WARN_INFINITE_RECURSION = YES;
				CLANG_WARN_INT_CONVERSION = YES;
				CLANG_WARN_NON_LITERAL_NULL_CONVERSION = YES;
				CLANG_WARN_OBJC_IMPLICIT_RETAIN_SELF = YES;
				CLANG_WARN_OBJC_LITERAL_CONVERSION = YES;
				CLANG_WARN_OBJC_ROOT_CLASS = YES_ERROR;
				CLANG_WARN_RANGE_LOOP_ANALYSIS = YES;
				CLANG_WARN_STRICT_PROTOTYPES = YES;
				CLANG_WARN_SUSPICIOUS_MOVE = YES;
				CLANG_WARN_UNGUARDED_AVAILABILITY = YES_AGGRESSIVE;
				CLANG_WARN_UNREACHABLE_CODE = YES;
				CLANG_WARN__DUPLICATE_METHOD_MATCH = YES;
				COPY_PHASE_STRIP = NO;
				DEBUG_INFORMATION_FORMAT = dwarf;
				ENABLE_STRICT_OBJC_MSGSEND = YES;
				ENABLE_TESTABILITY = YES;
				GCC_C_LANGUAGE_STANDARD = gnu11;
				GCC_DYNAMIC_NO_PIC = NO;
				GCC_NO_COMMON_BLOCKS = YES;
				GCC_OPTIMIZATION_LEVEL = 0;
				GCC_PREPROCESSOR_DEFINITIONS = (
					"DEBUG=1",
					"$(inherited)",
				);
				GCC_WARN_64_TO_32_BIT_CONVERSION = YES;
				GCC_WARN_ABOUT_RETURN_TYPE = YES_ERROR;
				GCC_WARN_UNDECLARED_SELECTOR = YES;
				GCC_WARN_UNINITIALIZED_AUTOS = YES_AGGRESSIVE;
				GCC_WARN_UNUSED_FUNCTION = YES;
				GCC_WARN_UNUSED_VARIABLE = YES;
				IPHONEOS_DEPLOYMENT_TARGET = 13.1;
				MTL_ENABLE_DEBUG_INFO = INCLUDE_SOURCE;
				MTL_FAST_MATH = YES;
				ONLY_ACTIVE_ARCH = YES;
				SDKROOT = iphoneos;
				SWIFT_ACTIVE_COMPILATION_CONDITIONS = DEBUG;
				SWIFT_OPTIMIZATION_LEVEL = "-Onone";
			};
			name = Debug;
		};
		F7CBBDE92367D784002DDF34 /* Release */ = {
			isa = XCBuildConfiguration;
			buildSettings = {
				ALWAYS_SEARCH_USER_PATHS = NO;
				CLANG_ANALYZER_NONNULL = YES;
				CLANG_ANALYZER_NUMBER_OBJECT_CONVERSION = YES_AGGRESSIVE;
				CLANG_CXX_LANGUAGE_STANDARD = "gnu++14";
				CLANG_CXX_LIBRARY = "libc++";
				CLANG_ENABLE_MODULES = YES;
				CLANG_ENABLE_OBJC_ARC = YES;
				CLANG_ENABLE_OBJC_WEAK = YES;
				CLANG_WARN_BLOCK_CAPTURE_AUTORELEASING = YES;
				CLANG_WARN_BOOL_CONVERSION = YES;
				CLANG_WARN_COMMA = YES;
				CLANG_WARN_CONSTANT_CONVERSION = YES;
				CLANG_WARN_DEPRECATED_OBJC_IMPLEMENTATIONS = YES;
				CLANG_WARN_DIRECT_OBJC_ISA_USAGE = YES_ERROR;
				CLANG_WARN_DOCUMENTATION_COMMENTS = YES;
				CLANG_WARN_EMPTY_BODY = YES;
				CLANG_WARN_ENUM_CONVERSION = YES;
				CLANG_WARN_INFINITE_RECURSION = YES;
				CLANG_WARN_INT_CONVERSION = YES;
				CLANG_WARN_NON_LITERAL_NULL_CONVERSION = YES;
				CLANG_WARN_OBJC_IMPLICIT_RETAIN_SELF = YES;
				CLANG_WARN_OBJC_LITERAL_CONVERSION = YES;
				CLANG_WARN_OBJC_ROOT_CLASS = YES_ERROR;
				CLANG_WARN_RANGE_LOOP_ANALYSIS = YES;
				CLANG_WARN_STRICT_PROTOTYPES = YES;
				CLANG_WARN_SUSPICIOUS_MOVE = YES;
				CLANG_WARN_UNGUARDED_AVAILABILITY = YES_AGGRESSIVE;
				CLANG_WARN_UNREACHABLE_CODE = YES;
				CLANG_WARN__DUPLICATE_METHOD_MATCH = YES;
				COPY_PHASE_STRIP = NO;
				DEBUG_INFORMATION_FORMAT = "dwarf-with-dsym";
				ENABLE_NS_ASSERTIONS = NO;
				ENABLE_STRICT_OBJC_MSGSEND = YES;
				GCC_C_LANGUAGE_STANDARD = gnu11;
				GCC_NO_COMMON_BLOCKS = YES;
				GCC_WARN_64_TO_32_BIT_CONVERSION = YES;
				GCC_WARN_ABOUT_RETURN_TYPE = YES_ERROR;
				GCC_WARN_UNDECLARED_SELECTOR = YES;
				GCC_WARN_UNINITIALIZED_AUTOS = YES_AGGRESSIVE;
				GCC_WARN_UNUSED_FUNCTION = YES;
				GCC_WARN_UNUSED_VARIABLE = YES;
				IPHONEOS_DEPLOYMENT_TARGET = 13.1;
				MTL_ENABLE_DEBUG_INFO = NO;
				MTL_FAST_MATH = YES;
				SDKROOT = iphoneos;
				SWIFT_COMPILATION_MODE = wholemodule;
				SWIFT_OPTIMIZATION_LEVEL = "-O";
				VALIDATE_PRODUCT = YES;
			};
			name = Release;
		};
		F7CBBDEB2367D785002DDF34 /* Debug */ = {
			isa = XCBuildConfiguration;
			baseConfigurationReference = 2B902F50997B517A23BFD66B /* Pods-thanger.debug.xcconfig */;
			buildSettings = {
				ASSETCATALOG_COMPILER_APPICON_NAME = AppIcon;
				CODE_SIGN_ENTITLEMENTS = thanger/thanger.entitlements;
				CODE_SIGN_STYLE = Automatic;
				DEVELOPMENT_TEAM = M96UWZCD49;
				INFOPLIST_FILE = thanger/Info.plist;
				LD_RUNPATH_SEARCH_PATHS = (
					"$(inherited)",
					"@executable_path/Frameworks",
				);
				PRODUCT_BUNDLE_IDENTIFIER = com.bluoma.thanger;
				PRODUCT_NAME = "$(TARGET_NAME)";
				SWIFT_VERSION = 5.0;
				TARGETED_DEVICE_FAMILY = "1,2";
			};
			name = Debug;
		};
		F7CBBDEC2367D785002DDF34 /* Release */ = {
			isa = XCBuildConfiguration;
			baseConfigurationReference = F9863AAB718CC901A4D161B9 /* Pods-thanger.release.xcconfig */;
			buildSettings = {
				ASSETCATALOG_COMPILER_APPICON_NAME = AppIcon;
				CODE_SIGN_ENTITLEMENTS = thanger/thanger.entitlements;
				CODE_SIGN_STYLE = Automatic;
				DEVELOPMENT_TEAM = M96UWZCD49;
				INFOPLIST_FILE = thanger/Info.plist;
				LD_RUNPATH_SEARCH_PATHS = (
					"$(inherited)",
					"@executable_path/Frameworks",
				);
				PRODUCT_BUNDLE_IDENTIFIER = com.bluoma.thanger;
				PRODUCT_NAME = "$(TARGET_NAME)";
				SWIFT_VERSION = 5.0;
				TARGETED_DEVICE_FAMILY = "1,2";
			};
			name = Release;
		};
		F7CBBE0223689ECD002DDF34 /* Debug */ = {
			isa = XCBuildConfiguration;
			baseConfigurationReference = 761FD098E97DF5B6954AED83 /* Pods-thanger-thangerTests.debug.xcconfig */;
			buildSettings = {
				BUNDLE_LOADER = "$(TEST_HOST)";
				CODE_SIGN_STYLE = Automatic;
				DEVELOPMENT_TEAM = M96UWZCD49;
				INFOPLIST_FILE = thangerTests/Info.plist;
				LD_RUNPATH_SEARCH_PATHS = (
					"$(inherited)",
					"@executable_path/Frameworks",
					"@loader_path/Frameworks",
				);
				PRODUCT_BUNDLE_IDENTIFIER = com.bluoma.thangerTests;
				PRODUCT_NAME = "$(TARGET_NAME)";
				SWIFT_VERSION = 5.0;
				TARGETED_DEVICE_FAMILY = "1,2";
				TEST_HOST = "$(BUILT_PRODUCTS_DIR)/thanger.app/thanger";
			};
			name = Debug;
		};
		F7CBBE0323689ECD002DDF34 /* Release */ = {
			isa = XCBuildConfiguration;
			baseConfigurationReference = 668528FFED5E93E40209E44A /* Pods-thanger-thangerTests.release.xcconfig */;
			buildSettings = {
				BUNDLE_LOADER = "$(TEST_HOST)";
				CODE_SIGN_STYLE = Automatic;
				DEVELOPMENT_TEAM = M96UWZCD49;
				INFOPLIST_FILE = thangerTests/Info.plist;
				LD_RUNPATH_SEARCH_PATHS = (
					"$(inherited)",
					"@executable_path/Frameworks",
					"@loader_path/Frameworks",
				);
				PRODUCT_BUNDLE_IDENTIFIER = com.bluoma.thangerTests;
				PRODUCT_NAME = "$(TARGET_NAME)";
				SWIFT_VERSION = 5.0;
				TARGETED_DEVICE_FAMILY = "1,2";
				TEST_HOST = "$(BUILT_PRODUCTS_DIR)/thanger.app/thanger";
			};
			name = Release;
		};
/* End XCBuildConfiguration section */

/* Begin XCConfigurationList section */
		F7CBBDD12367D780002DDF34 /* Build configuration list for PBXProject "thanger" */ = {
			isa = XCConfigurationList;
			buildConfigurations = (
				F7CBBDE82367D784002DDF34 /* Debug */,
				F7CBBDE92367D784002DDF34 /* Release */,
			);
			defaultConfigurationIsVisible = 0;
			defaultConfigurationName = Release;
		};
		F7CBBDEA2367D785002DDF34 /* Build configuration list for PBXNativeTarget "thanger" */ = {
			isa = XCConfigurationList;
			buildConfigurations = (
				F7CBBDEB2367D785002DDF34 /* Debug */,
				F7CBBDEC2367D785002DDF34 /* Release */,
			);
			defaultConfigurationIsVisible = 0;
			defaultConfigurationName = Release;
		};
		F7CBBE0123689ECD002DDF34 /* Build configuration list for PBXNativeTarget "thangerTests" */ = {
			isa = XCConfigurationList;
			buildConfigurations = (
				F7CBBE0223689ECD002DDF34 /* Debug */,
				F7CBBE0323689ECD002DDF34 /* Release */,
			);
			defaultConfigurationIsVisible = 0;
			defaultConfigurationName = Release;
		};
/* End XCConfigurationList section */
	};
	rootObject = F7CBBDCE2367D780002DDF34 /* Project object */;
}
